
Microsoft Visual Studio Solution File, Format Version 12.00
# Visual Studio Version 17
VisualStudioVersion = 17.9.34728.123
MinimumVisualStudioVersion = 10.0.40219.1
Project("{FAE04EC0-301F-11D3-BF4B-00C04F79EFBC}") = "Module01Exercise01", "Module01Exercise01.csproj", "{49C54959-481A-4267-8E5B-AA1D985D8A51}"
EndProject
Global
	GlobalSection(SolutionConfigurationPlatforms) = preSolution
		Debug|Any CPU = Debug|Any CPU
		Release|Any CPU = Release|Any CPU
	EndGlobalSection
	GlobalSection(ProjectConfigurationPlatforms) = postSolution
		{49C54959-481A-4267-8E5B-AA1D985D8A51}.Debug|Any CPU.ActiveCfg = Debug|Any CPU
		{49C54959-481A-4267-8E5B-AA1D985D8A51}.Debug|Any CPU.Build.0 = Debug|Any CPU
		{49C54959-481A-4267-8E5B-AA1D985D8A51}.Debug|Any CPU.Deploy.0 = Debug|Any CPU
		{49C54959-481A-4267-8E5B-AA1D985D8A51}.Release|Any CPU.ActiveCfg = Release|Any CPU
		{49C54959-481A-4267-8E5B-AA1D985D8A51}.Release|Any CPU.Build.0 = Release|Any CPU
		{49C54959-481A-4267-8E5B-AA1D985D8A51}.Release|Any CPU.Deploy.0 = Release|Any CPU
	EndGlobalSection
	GlobalSection(SolutionProperties) = preSolution
		HideSolutionNode = FALSE
	EndGlobalSection
	GlobalSection(ExtensibilityGlobals) = postSolution
		SolutionGuid = {D69A3E9B-CB70-4916-90EE-2A2764A694E6}
	EndGlobalSection
EndGlobal
